[[package]]
category = "dev"
description = "A small Python module for determining appropriate platform-specific dirs, e.g. a \"user data dir\"."
name = "appdirs"
optional = false
python-versions = "*"
version = "1.4.3"

[[package]]
category = "dev"
description = "An abstract syntax tree for Python with inference support."
name = "astroid"
optional = false
python-versions = ">=3.5.*"
version = "2.3.3"

[package.dependencies]
lazy-object-proxy = ">=1.4.0,<1.5.0"
six = ">=1.12,<2.0"
wrapt = ">=1.11.0,<1.12.0"

[package.dependencies.typed-ast]
python = "<3.8"
version = ">=1.4.0,<1.5"

[[package]]
category = "dev"
description = "Atomic file writes."
marker = "sys_platform == \"win32\""
name = "atomicwrites"
optional = false
python-versions = ">=2.7, !=3.0.*, !=3.1.*, !=3.2.*, !=3.3.*"
version = "1.3.0"

[[package]]
category = "dev"
description = "Classes Without Boilerplate"
name = "attrs"
optional = false
python-versions = ">=2.7, !=3.0.*, !=3.1.*, !=3.2.*, !=3.3.*"
version = "19.3.0"

[[package]]
category = "dev"
description = "AWS SAM Translator is a library that transform SAM templates into AWS CloudFormation templates"
name = "aws-sam-translator"
optional = false
python-versions = "*"
version = "1.21.0"

[package.dependencies]
boto3 = ">=1.5,<2.0"
jsonschema = ">=3.0,<4.0"
six = ">=1.11,<2.0"

[[package]]
category = "dev"
description = "The AWS X-Ray SDK for Python (the SDK) enables Python developers to record and emit information from within their applications to the AWS X-Ray service."
name = "aws-xray-sdk"
optional = false
python-versions = "*"
version = "2.4.3"

[package.dependencies]
botocore = ">=1.11.3"
future = "*"
jsonpickle = "*"
wrapt = "*"

[[package]]
category = "main"
description = "Screen-scraping library"
name = "beautifulsoup4"
optional = false
python-versions = "*"
version = "4.8.2"

[package.dependencies]
soupsieve = ">=1.2"

[[package]]
category = "dev"
description = "The uncompromising code formatter."
name = "black"
optional = false
python-versions = ">=3.6"
version = "18.9b0"

[package.dependencies]
appdirs = "*"
attrs = ">=17.4.0"
click = ">=6.5"
toml = ">=0.9.4"

[[package]]
category = "dev"
description = "Amazon Web Services Library"
name = "boto"
optional = false
python-versions = "*"
version = "2.49.0"

[[package]]
category = "main"
description = "The AWS SDK for Python"
name = "boto3"
optional = false
python-versions = "*"
version = "1.12.14"

[package.dependencies]
botocore = ">=1.15.14,<1.16.0"
jmespath = ">=0.7.1,<1.0.0"
s3transfer = ">=0.3.0,<0.4.0"

[[package]]
category = "main"
description = "Low-level, data-driven core of boto 3."
name = "botocore"
optional = false
python-versions = "*"
version = "1.15.14"

[package.dependencies]
docutils = ">=0.10,<0.16"
jmespath = ">=0.7.1,<1.0.0"
python-dateutil = ">=2.1,<3.0.0"

[package.dependencies.urllib3]
python = "<3.4.0 || >=3.5.0"
version = ">=1.20,<1.26"

[[package]]
category = "main"
description = "Python package for providing Mozilla's CA Bundle."
name = "certifi"
optional = false
python-versions = "*"
version = "2019.11.28"

[[package]]
category = "dev"
description = "Foreign Function Interface for Python calling C code."
name = "cffi"
optional = false
python-versions = "*"
version = "1.14.0"

[package.dependencies]
pycparser = "*"

[[package]]
category = "dev"
description = "Checks CloudFormation templates for practices and behaviour that could potentially be improved"
name = "cfn-lint"
optional = false
python-versions = ">=2.7, !=3.0.*, !=3.1.*, !=3.2.*, !=3.3.*"
version = "0.28.3"

[package.dependencies]
aws-sam-translator = ">=1.19.1"
jsonschema = ">=3.0,<4.0"
six = ">=1.11,<2.0"

[package.dependencies.jsonpatch]
python = "<3.4.0 || >=3.5.0"
version = "*"

[package.dependencies.pyyaml]
python = "<3.4.0 || >=3.5.0"
version = "*"

[[package]]
category = "main"
description = "Universal encoding detector for Python 2 and 3"
name = "chardet"
optional = false
python-versions = "*"
version = "3.0.4"

[[package]]
category = "main"
description = "Composable command line interface toolkit"
name = "click"
optional = false
python-versions = ">=2.7, !=3.0.*, !=3.1.*, !=3.2.*, !=3.3.*"
version = "7.0"

[[package]]
category = "dev"
description = "Cross-platform colored terminal text."
marker = "sys_platform == \"win32\""
name = "colorama"
optional = false
python-versions = ">=2.7, !=3.0.*, !=3.1.*, !=3.2.*, !=3.3.*, !=3.4.*"
version = "0.4.3"

[[package]]
category = "dev"
description = "cryptography is a package which provides cryptographic recipes and primitives to Python developers."
name = "cryptography"
optional = false
python-versions = ">=2.7,!=3.0.*,!=3.1.*,!=3.2.*,!=3.3.*"
version = "2.8"

[package.dependencies]
cffi = ">=1.8,<1.11.3 || >1.11.3"
six = ">=1.4.1"

[[package]]
category = "dev"
description = "A Python library for the Docker Engine API."
name = "docker"
optional = false
python-versions = ">=2.7, !=3.0.*, !=3.1.*, !=3.2.*, !=3.3.*, !=3.4.*"
version = "4.2.0"

[package.dependencies]
requests = ">=2.14.2,<2.18.0 || >2.18.0"
six = ">=1.4.0"
websocket-client = ">=0.32.0"

[package.dependencies.pypiwin32]
python = ">=3.6"
version = "223"

[[package]]
category = "main"
description = "Docutils -- Python Documentation Utilities"
name = "docutils"
optional = false
python-versions = ">=2.6, !=3.0.*, !=3.1.*, !=3.2.*"
version = "0.15.2"

[[package]]
category = "dev"
description = "ECDSA cryptographic signature library (pure python)"
name = "ecdsa"
optional = false
python-versions = ">=2.6, !=3.0.*, !=3.1.*, !=3.2.*"
version = "0.15"

[package.dependencies]
six = ">=1.9.0"

[[package]]
category = "dev"
description = "Clean single-source support for Python 3 and 2"
name = "future"
optional = false
python-versions = ">=2.6, !=3.0.*, !=3.1.*, !=3.2.*"
version = "0.18.2"

[[package]]
category = "main"
description = "Internationalized Domain Names in Applications (IDNA)"
name = "idna"
optional = false
python-versions = ">=2.7, !=3.0.*, !=3.1.*, !=3.2.*, !=3.3.*"
version = "2.8"

[[package]]
category = "main"
description = "Easy-to-use, Pythonic and complete IMAP client library"
name = "imapclient"
optional = false
python-versions = "*"
version = "2.1.0"

[package.dependencies]
six = "*"

[[package]]
category = "dev"
description = "Read metadata from Python packages"
marker = "python_version < \"3.8\""
name = "importlib-metadata"
optional = false
python-versions = "!=3.0.*,!=3.1.*,!=3.2.*,!=3.3.*,!=3.4.*,>=2.7"
version = "1.5.0"

[package.dependencies]
zipp = ">=0.5"

[[package]]
category = "dev"
description = "A Python utility / library to sort Python imports."
name = "isort"
optional = false
python-versions = ">=2.7, !=3.0.*, !=3.1.*, !=3.2.*, !=3.3.*"
version = "4.3.21"

[[package]]
category = "dev"
description = "A very fast and expressive template engine."
name = "jinja2"
optional = false
python-versions = ">=2.7, !=3.0.*, !=3.1.*, !=3.2.*, !=3.3.*, !=3.4.*"
version = "2.11.1"

[package.dependencies]
MarkupSafe = ">=0.23"

[[package]]
category = "main"
description = "JSON Matching Expressions"
name = "jmespath"
optional = false
python-versions = "*"
version = "0.9.5"

[[package]]
category = "dev"
description = "Diff JSON and JSON-like structures in Python"
name = "jsondiff"
optional = false
python-versions = "*"
version = "1.1.2"

[[package]]
category = "dev"
description = " Apply JSON-Patches (RFC 6902) "
marker = "python_version != \"3.4\""
name = "jsonpatch"
optional = false
python-versions = ">=2.7, !=3.0.*, !=3.1.*, !=3.2.*, !=3.3.*, !=3.4.*"
version = "1.25"

[package.dependencies]
jsonpointer = ">=1.9"

[[package]]
category = "dev"
description = "Python library for serializing any arbitrary object graph into JSON"
name = "jsonpickle"
optional = false
python-versions = "*"
version = "1.3"

[[package]]
category = "dev"
description = "Identify specific nodes in a JSON document (RFC 6901)"
marker = "python_version != \"3.4\""
name = "jsonpointer"
optional = false
python-versions = ">=2.7, !=3.0.*, !=3.1.*, !=3.2.*, !=3.3.*"
version = "2.0"

[[package]]
category = "dev"
description = "An implementation of JSON Schema validation for Python"
name = "jsonschema"
optional = false
python-versions = "*"
version = "3.2.0"

[package.dependencies]
attrs = ">=17.4.0"
pyrsistent = ">=0.14.0"
setuptools = "*"
six = ">=1.11.0"

[package.dependencies.importlib-metadata]
python = "<3.8"
version = "*"

[[package]]
category = "main"
description = "Kaggle API"
name = "kaggle"
optional = false
python-versions = "*"
version = "1.5.6"

[package.dependencies]
certifi = "*"
python-dateutil = "*"
python-slugify = "*"
requests = "*"
six = ">=1.10"
tqdm = "*"
urllib3 = ">=1.21.1,<1.25"

[[package]]
category = "dev"
description = "A fast and thorough lazy object proxy."
name = "lazy-object-proxy"
optional = false
python-versions = ">=2.7, !=3.0.*, !=3.1.*, !=3.2.*, !=3.3.*"
version = "1.4.3"

[[package]]
category = "main"
description = "Powerful and Pythonic XML processing library combining libxml2/libxslt with the ElementTree API."
name = "lxml"
optional = false
python-versions = ">=2.7, !=3.0.*, !=3.1.*, !=3.2.*, !=3.3.*, != 3.4.*"
version = "4.5.0"

[[package]]
category = "dev"
description = "Safely add untrusted strings to HTML/XML markup."
name = "markupsafe"
optional = false
python-versions = ">=2.7,!=3.0.*,!=3.1.*,!=3.2.*,!=3.3.*"
version = "1.1.1"

[[package]]
category = "dev"
description = "McCabe checker, plugin for flake8"
name = "mccabe"
optional = false
python-versions = "*"
version = "0.6.1"

[[package]]
category = "dev"
description = "Rolling backport of unittest.mock for all Pythons"
name = "mock"
optional = false
python-versions = ">=3.6"
version = "4.0.1"

[[package]]
category = "dev"
description = "More routines for operating on iterables, beyond itertools"
name = "more-itertools"
optional = false
python-versions = ">=3.5"
version = "8.2.0"

[[package]]
category = "dev"
description = "A library that allows your python tests to easily mock out the boto library"
name = "moto"
optional = false
python-versions = "*"
version = "1.3.14"

[package.dependencies]
Jinja2 = ">=2.10.1"
PyYAML = ">=5.1"
aws-xray-sdk = ">=0.93,<0.96 || >0.96"
boto = ">=2.36.0"
boto3 = ">=1.9.201"
botocore = ">=1.12.201"
cfn-lint = ">=0.4.0"
cryptography = ">=2.3.0"
docker = ">=2.5.1"
idna = ">=2.5,<2.9"
jsondiff = "1.1.2"
mock = "*"
python-dateutil = ">=2.1,<3.0.0"
python-jose = "<4.0.0"
pytz = "*"
requests = ">=2.5"
responses = ">=0.9.0"
six = ">1.9"
sshpubkeys = ">=3.1.0,<4.0"
werkzeug = "*"
xmltodict = "*"

[[package]]
category = "dev"
description = "Core utilities for Python packages"
name = "packaging"
optional = false
python-versions = ">=2.7, !=3.0.*, !=3.1.*, !=3.2.*, !=3.3.*"
version = "20.1"

[package.dependencies]
pyparsing = ">=2.0.2"
six = "*"

[[package]]
category = "dev"
description = "plugin and hook calling mechanisms for python"
name = "pluggy"
optional = false
python-versions = ">=2.7, !=3.0.*, !=3.1.*, !=3.2.*, !=3.3.*"
version = "0.13.1"

[package.dependencies]
[package.dependencies.importlib-metadata]
python = "<3.8"
version = ">=0.12"

[[package]]
category = "dev"
description = "library with cross-python path, ini-parsing, io, code, log facilities"
name = "py"
optional = false
python-versions = ">=2.7, !=3.0.*, !=3.1.*, !=3.2.*, !=3.3.*"
version = "1.8.1"

[[package]]
category = "dev"
description = "ASN.1 types and codecs"
name = "pyasn1"
optional = false
python-versions = "*"
version = "0.4.8"

[[package]]
category = "dev"
description = "C parser in Python"
name = "pycparser"
optional = false
python-versions = ">=2.7, !=3.0.*, !=3.1.*, !=3.2.*, !=3.3.*"
version = "2.20"

[[package]]
category = "dev"
description = "python code static checker"
name = "pylint"
optional = false
python-versions = ">=3.5.*"
version = "2.4.4"

[package.dependencies]
astroid = ">=2.3.0,<2.4"
colorama = "*"
isort = ">=4.2.5,<5"
mccabe = ">=0.6,<0.7"

[[package]]
category = "dev"
description = "Python parsing module"
name = "pyparsing"
optional = false
python-versions = ">=2.6, !=3.0.*, !=3.1.*, !=3.2.*"
version = "2.4.6"

[[package]]
category = "dev"
description = ""
marker = "sys_platform == \"win32\" and python_version >= \"3.6\""
name = "pypiwin32"
optional = false
python-versions = "*"
version = "223"

[package.dependencies]
pywin32 = ">=223"

[[package]]
category = "dev"
description = "Persistent/Functional/Immutable data structures"
name = "pyrsistent"
optional = false
python-versions = "*"
version = "0.15.7"

[package.dependencies]
six = "*"

[[package]]
category = "dev"
description = "pytest: simple powerful testing with Python"
name = "pytest"
optional = false
python-versions = ">=3.5"
version = "5.3.5"

[package.dependencies]
atomicwrites = ">=1.0"
attrs = ">=17.4.0"
colorama = "*"
more-itertools = ">=4.0.0"
packaging = "*"
pluggy = ">=0.12,<1.0"
py = ">=1.5.0"
wcwidth = "*"

[package.dependencies.importlib-metadata]
python = "<3.8"
version = ">=0.12"

[[package]]
category = "main"
description = "Extensions to the standard Python datetime module"
name = "python-dateutil"
optional = false
python-versions = "!=3.0.*,!=3.1.*,!=3.2.*,>=2.7"
version = "2.8.1"

[package.dependencies]
six = ">=1.5"

[[package]]
category = "main"
description = "Strict separation of settings from code."
name = "python-decouple"
optional = false
python-versions = "*"
version = "3.3"

[[package]]
category = "dev"
description = "JOSE implementation in Python"
name = "python-jose"
optional = false
python-versions = "*"
version = "3.1.0"

[package.dependencies]
ecdsa = "<1.0"
pyasn1 = "*"
rsa = "*"
six = "<2.0"

[[package]]
category = "main"
description = "A Python Slugify application that handles Unicode"
name = "python-slugify"
optional = false
python-versions = ">=2.7, !=3.0.*, !=3.1.*, !=3.2.*, !=3.3.*, !=3.4.*"
version = "4.0.0"

[package.dependencies]
text-unidecode = ">=1.3"

[[package]]
category = "dev"
description = "World timezone definitions, modern and historical"
name = "pytz"
optional = false
python-versions = "*"
version = "2019.3"

[[package]]
category = "dev"
description = "Python for Window Extensions"
marker = "sys_platform == \"win32\" and python_version >= \"3.6\""
name = "pywin32"
optional = false
python-versions = "*"
version = "227"

[[package]]
category = "dev"
description = "YAML parser and emitter for Python"
name = "pyyaml"
optional = false
python-versions = ">=2.7, !=3.0.*, !=3.1.*, !=3.2.*, !=3.3.*, !=3.4.*"
version = "5.3"

[[package]]
category = "main"
description = "Python HTTP for Humans."
name = "requests"
optional = false
python-versions = ">=2.7, !=3.0.*, !=3.1.*, !=3.2.*, !=3.3.*, !=3.4.*"
version = "2.23.0"

[package.dependencies]
certifi = ">=2017.4.17"
chardet = ">=3.0.2,<4"
idna = ">=2.5,<3"
urllib3 = ">=1.21.1,<1.25.0 || >1.25.0,<1.25.1 || >1.25.1,<1.26"

[[package]]
category = "dev"
description = "A utility library for mocking out the `requests` Python library."
name = "responses"
optional = false
python-versions = ">=2.7, !=3.0.*, !=3.1.*, !=3.2.*, !=3.3.*"
version = "0.10.12"

[package.dependencies]
requests = ">=2.0"
six = "*"

[[package]]
category = "dev"
description = "a python refactoring library..."
name = "rope"
optional = false
python-versions = "*"
version = "0.16.0"

[[package]]
category = "dev"
description = "Pure-Python RSA implementation"
name = "rsa"
optional = false
python-versions = "*"
version = "4.0"

[package.dependencies]
pyasn1 = ">=0.1.3"

[[package]]
category = "main"
description = "An Amazon S3 Transfer Manager"
name = "s3transfer"
optional = false
python-versions = "*"
version = "0.3.3"

[package.dependencies]
botocore = ">=1.12.36,<2.0a.0"

[[package]]
category = "main"
description = "Python 2 and 3 compatibility utilities"
name = "six"
optional = false
python-versions = ">=2.7, !=3.0.*, !=3.1.*, !=3.2.*"
version = "1.14.0"

[[package]]
category = "main"
description = "A modern CSS selector implementation for Beautiful Soup."
name = "soupsieve"
optional = false
python-versions = ">=3.5"
version = "2.0"

[[package]]
category = "dev"
description = "SSH public key parser"
name = "sshpubkeys"
optional = false
python-versions = "*"
version = "3.1.0"

[package.dependencies]
cryptography = ">=2.1.4"
ecdsa = ">=0.13"

[[package]]
category = "main"
description = "The most basic Text::Unidecode port"
name = "text-unidecode"
optional = false
python-versions = "*"
version = "1.3"

[[package]]
category = "dev"
description = "Python Library for Tom's Obvious, Minimal Language"
name = "toml"
optional = false
python-versions = "*"
version = "0.10.0"

[[package]]
category = "main"
description = "Fast, Extensible Progress Meter"
name = "tqdm"
optional = false
python-versions = ">=2.6, !=3.0.*, !=3.1.*"
version = "4.43.0"

[[package]]
category = "dev"
description = "a fork of Python 2 and 3 ast modules with type comment support"
marker = "implementation_name == \"cpython\" and python_version < \"3.8\""
name = "typed-ast"
optional = false
python-versions = "*"
version = "1.4.1"

[[package]]
category = "main"
description = "HTTP library with thread-safe connection pooling, file post, and more."
name = "urllib3"
optional = false
python-versions = ">=2.7, !=3.0.*, !=3.1.*, !=3.2.*, !=3.3.*, <4"
version = "1.24.3"

[[package]]
category = "dev"
description = "Measures number of Terminal column cells of wide-character codes"
name = "wcwidth"
optional = false
python-versions = "*"
version = "0.1.8"

[[package]]
category = "dev"
description = "WebSocket client for Python. hybi13 is supported."
name = "websocket-client"
optional = false
python-versions = ">=2.6, !=3.0.*, !=3.1.*, !=3.2.*, !=3.3.*"
version = "0.57.0"

[package.dependencies]
six = "*"

[[package]]
category = "dev"
description = "The comprehensive WSGI web application library."
name = "werkzeug"
optional = false
python-versions = ">=2.7, !=3.0.*, !=3.1.*, !=3.2.*, !=3.3.*, !=3.4.*"
version = "1.0.0"

[[package]]
category = "dev"
description = "Module for decorators, wrappers and monkey patching."
name = "wrapt"
optional = false
python-versions = "*"
version = "1.11.2"

[[package]]
category = "dev"
description = "Makes working with XML feel like you are working with JSON"
name = "xmltodict"
optional = false
python-versions = ">=2.7, !=3.0.*, !=3.1.*, !=3.2.*, !=3.3.*"
version = "0.12.0"

[[package]]
category = "dev"
description = "Backport of pathlib-compatible object wrapper for zip files"
marker = "python_version < \"3.8\""
name = "zipp"
optional = false
python-versions = ">=3.6"
version = "3.1.0"

[metadata]
content-hash = "586791677c8057756338992a70dbb452d7747284aef3fb805fa645b987761785"
python-versions = "^3.7"

[metadata.hashes]
appdirs = ["9e5896d1372858f8dd3344faf4e5014d21849c756c8d5701f78f8a103b372d92", "d8b24664561d0d34ddfaec54636d502d7cea6e29c3eaf68f3df6180863e2166e"]
astroid = ["71ea07f44df9568a75d0f354c49143a4575d90645e9fead6dfb52c26a85ed13a", "840947ebfa8b58f318d42301cf8c0a20fd794a33b61cc4638e28e9e61ba32f42"]
atomicwrites = ["03472c30eb2c5d1ba9227e4c2ca66ab8287fbfbbda3888aa93dc2e28fc6811b4", "75a9445bac02d8d058d5e1fe689654ba5a6556a1dfd8ce6ec55a0ed79866cfa6"]
attrs = ["08a96c641c3a74e44eb59afb61a24f2cb9f4d7188748e76ba4bb5edfa3cb7d1c", "f7b7ce16570fe9965acd6d30101a28f62fb4a7f9e926b3bbc9b61f8b04247e72"]
aws-sam-translator = ["320a341d659580ad04e79c46fc93f50996363745a0c2728f9cd025ad78c43e36"]
aws-xray-sdk = ["263a38f3920d9dc625e3acb92e6f6d300f4250b70f538bd009ce6e485676ab74", "612dba6efc3704ef224ac0747b05488b8aad94e71be3ece4edbc051189d50482"]
beautifulsoup4 = ["05fd825eb01c290877657a56df4c6e4c311b3965bda790c613a3d6fb01a5462a", "9fbb4d6e48ecd30bcacc5b63b94088192dcda178513b2ae3c394229f8911b887", "e1505eeed31b0f4ce2dbb3bc8eb256c04cc2b3b72af7d551a4ab6efd5cbe5dae"]
black = ["817243426042db1d36617910df579a54f1afd659adb96fc5032fcf4b36209739", "e030a9a28f542debc08acceb273f228ac422798e5215ba2a791a6ddeaaca22a5"]
boto = ["147758d41ae7240dc989f0039f27da8ca0d53734be0eb869ef16e3adcfa462e8", "ea0d3b40a2d852767be77ca343b58a9e3a4b00d9db440efb8da74b4e58025e5a"]
boto3 = ["3b00b93d9548ebc0777f54cbd77c11e2721f7bb873ffb371cf4fa66d06750de7", "3d3973502f96faaa534faec083ce4cd51a969f613d740be9e34cb7e42238f59c"]
botocore = ["37e713b86bc833587e002610d0b2b5c5c88438617d68189d1b541e20726a43d4", "4f889842519f54d007e285637c625a0645ffbe6aaa291b62ba510f3a25948f77"]
certifi = ["017c25db2a153ce562900032d5bc68e9f191e44e9a0f762f373977de9df1fbb3", "25b64c7da4cd7479594d035c08c2d809eb4aab3a26e5a990ea98cc450c320f1f"]
cffi = ["001bf3242a1bb04d985d63e138230802c6c8d4db3668fb545fb5005ddf5bb5ff", "00789914be39dffba161cfc5be31b55775de5ba2235fe49aa28c148236c4e06b", "028a579fc9aed3af38f4892bdcc7390508adabc30c6af4a6e4f611b0c680e6ac", "14491a910663bf9f13ddf2bc8f60562d6bc5315c1f09c704937ef17293fb85b0", "1cae98a7054b5c9391eb3249b86e0e99ab1e02bb0cc0575da191aedadbdf4384", "2089ed025da3919d2e75a4d963d008330c96751127dd6f73c8dc0c65041b4c26", "2d384f4a127a15ba701207f7639d94106693b6cd64173d6c8988e2c25f3ac2b6", "337d448e5a725bba2d8293c48d9353fc68d0e9e4088d62a9571def317797522b", "399aed636c7d3749bbed55bc907c3288cb43c65c4389964ad5ff849b6370603e", "3b911c2dbd4f423b4c4fcca138cadde747abdb20d196c4a48708b8a2d32b16dd", "3d311bcc4a41408cf5854f06ef2c5cab88f9fded37a3b95936c9879c1640d4c2", "62ae9af2d069ea2698bf536dcfe1e4eed9090211dbaafeeedf5cb6c41b352f66", "66e41db66b47d0d8672d8ed2708ba91b2f2524ece3dee48b5dfb36be8c2f21dc", "675686925a9fb403edba0114db74e741d8181683dcf216be697d208857e04ca8", "7e63cbcf2429a8dbfe48dcc2322d5f2220b77b2e17b7ba023d6166d84655da55", "8a6c688fefb4e1cd56feb6c511984a6c4f7ec7d2a1ff31a10254f3c817054ae4", "8c0ffc886aea5df6a1762d0019e9cb05f825d0eec1f520c51be9d198701daee5", "95cd16d3dee553f882540c1ffe331d085c9e629499ceadfbda4d4fde635f4b7d", "99f748a7e71ff382613b4e1acc0ac83bf7ad167fb3802e35e90d9763daba4d78", "b8c78301cefcf5fd914aad35d3c04c2b21ce8629b5e4f4e45ae6812e461910fa", "c420917b188a5582a56d8b93bdd8e0f6eca08c84ff623a4c16e809152cd35793", "c43866529f2f06fe0edc6246eb4faa34f03fe88b64a0a9a942561c8e22f4b71f", "cab50b8c2250b46fe738c77dbd25ce017d5e6fb35d3407606e7a4180656a5a6a", "cef128cb4d5e0b3493f058f10ce32365972c554572ff821e175dbc6f8ff6924f", "cf16e3cf6c0a5fdd9bc10c21687e19d29ad1fe863372b5543deaec1039581a30", "e56c744aa6ff427a607763346e4170629caf7e48ead6921745986db3692f987f", "e577934fc5f8779c554639376beeaa5657d54349096ef24abe8c74c5d9c117c3", "f2b0fa0c01d8a0c7483afd9f31d7ecf2d71760ca24499c8697aeb5ca37dc090c"]
cfn-lint = ["0e40e56c2b5b06d248f8ae6464ec55d671cbcd9bc8fb68694dbd42a29cb07fc7", "e7d93eac5dd20eb9012bf33eef8d2ac6124dab3dfd408b46ffe7d6c9b0f8426f"]
chardet = ["84ab92ed1c4d4f16916e05906b6b75a6c0fb5db821cc65e70cbd64a3e2a5eaae", "fc323ffcaeaed0e0a02bf4d117757b98aed530d9ed4531e3e15460124c106691"]
click = ["2335065e6395b9e67ca716de5f7526736bfa6ceead690adf616d925bdc622b13", "5b94b49521f6456670fdb30cd82a4eca9412788a93fa6dd6df72c94d5a8ff2d7"]
colorama = ["7d73d2a99753107a36ac6b455ee49046802e59d9d076ef8e47b61499fa29afff", "e96da0d330793e2cb9485e9ddfd918d456036c7149416295932478192f4436a1"]
cryptography = ["02079a6addc7b5140ba0825f542c0869ff4df9a69c360e339ecead5baefa843c", "1df22371fbf2004c6f64e927668734070a8953362cd8370ddd336774d6743595", "369d2346db5934345787451504853ad9d342d7f721ae82d098083e1f49a582ad", "3cda1f0ed8747339bbdf71b9f38ca74c7b592f24f65cdb3ab3765e4b02871651", "44ff04138935882fef7c686878e1c8fd80a723161ad6a98da31e14b7553170c2", "4b1030728872c59687badcca1e225a9103440e467c17d6d1730ab3d2d64bfeff", "58363dbd966afb4f89b3b11dfb8ff200058fbc3b947507675c19ceb46104b48d", "6ec280fb24d27e3d97aa731e16207d58bd8ae94ef6eab97249a2afe4ba643d42", "7270a6c29199adc1297776937a05b59720e8a782531f1f122f2eb8467f9aab4d", "73fd30c57fa2d0a1d7a49c561c40c2f79c7d6c374cc7750e9ac7c99176f6428e", "7f09806ed4fbea8f51585231ba742b58cbcfbfe823ea197d8c89a5e433c7e912", "90df0cc93e1f8d2fba8365fb59a858f51a11a394d64dbf3ef844f783844cc793", "971221ed40f058f5662a604bd1ae6e4521d84e6cad0b7b170564cc34169c8f13", "a518c153a2b5ed6b8cc03f7ae79d5ffad7315ad4569b2d5333a13c38d64bd8d7", "b0de590a8b0979649ebeef8bb9f54394d3a41f66c5584fff4220901739b6b2f0", "b43f53f29816ba1db8525f006fa6f49292e9b029554b3eb56a189a70f2a40879", "d31402aad60ed889c7e57934a03477b572a03af7794fa8fb1780f21ea8f6551f", "de96157ec73458a7f14e3d26f17f8128c959084931e8997b9e655a39c8fde9f9", "df6b4dca2e11865e6cfbfb708e800efb18370f5a46fd601d3755bc7f85b3a8a2", "ecadccc7ba52193963c0475ac9f6fa28ac01e01349a2ca48509667ef41ffd2cf", "fb81c17e0ebe3358486cd8cc3ad78adbae58af12fc2bf2bc0bb84e8090fa5ce8"]
docker = ["1c2ddb7a047b2599d1faec00889561316c674f7099427b9c51e8cb804114b553", "ddae66620ab5f4bce769f64bcd7934f880c8abe6aa50986298db56735d0f722e"]
docutils = ["6c4f696463b79f1fb8ba0c594b63840ebd41f059e92b31957c46b74a4599b6d0", "9e4d7ecfc600058e07ba661411a2b7de2fd0fafa17d1a7f7361cd47b1175c827", "a2aeea129088da402665e92e0b25b04b073c04b2dce4ab65caaa38b7ce2e1a99"]
ecdsa = ["867ec9cf6df0b03addc8ef66b56359643cb5d0c1dc329df76ba7ecfe256c8061", "8f12ac317f8a1318efa75757ef0a651abe12e51fc1af8838fb91079445227277"]
future = ["b1bead90b70cf6ec3f0710ae53a525360fa360d306a86583adc6bf83a4db537d"]
idna = ["c357b3f628cf53ae2c4c05627ecc484553142ca23264e593d327bcde5e9c3407", "ea8b7f6188e6fa117537c3df7da9fc686d485087abf6ac197f9c46432f7e4a3c"]
imapclient = ["3eeb97b9aa8faab0caa5024d74bfde59408fbd542781246f6960873c7bf0dd01", "60ba79758cc9f13ec910d7a3df9acaaf2bb6c458720d9a02ec33a41352fd1b99"]
importlib-metadata = ["06f5b3a99029c7134207dd882428a66992a9de2bef7c2b699b5641f9886c3302", "b97607a1a18a5100839aec1dc26a1ea17ee0d93b20b0f008d80a5a050afb200b"]
isort = ["54da7e92468955c4fceacd0c86bd0ec997b0e1ee80d97f67c35a78b719dccab1", "6e811fcb295968434526407adb8796944f1988c5b65e8139058f2014cbe100fd"]
jinja2 = ["93187ffbc7808079673ef52771baa950426fd664d3aad1d0fa3e95644360e250", "b0eaf100007721b5c16c1fc1eecb87409464edc10469ddc9a22a27a99123be49"]
jmespath = ["695cb76fa78a10663425d5b73ddc5714eb711157e52704d69be03b1a02ba4fec", "cca55c8d153173e21baa59983015ad0daf603f9cb799904ff057bfb8ff8dc2d9"]
jsondiff = ["7e18138aecaa4a8f3b7ac7525b8466234e6378dd6cae702b982c9ed851d2ae21"]
jsonpatch = ["cc3a7241010a1fd3f50145a3b33be2c03c1e679faa19934b628bb07d0f64819e", "ddc0f7628b8bfdd62e3cbfbc24ca6671b0b6265b50d186c2cf3659dc0f78fd6a"]
jsonpickle = ["71bca2b80ae28af4e3f86629ef247100af7f97032b5ca8d791c1f8725b411d95", "efc6839cb341985f0c24f98650a4c1063a2877c236ffd3d7e1662f0c482bac93"]
jsonpointer = ["c192ba86648e05fdae4f08a17ec25180a9aef5008d973407b581798a83975362", "ff379fa021d1b81ab539f5ec467c7745beb1a5671463f9dcc2b2d458bd361c1e"]
jsonschema = ["4e5b3cf8216f577bee9ce139cbe72eca3ea4f292ec60928ff24758ce626cd163", "c8a85b28d377cc7737e46e2d9f2b4f44ee3c0e1deac6bf46ddefc7187d30797a"]
kaggle = ["3c2c097dca964b9a891bf3407a3164be19e40857c7c5cc2c5fef323adfccb838"]
lazy-object-proxy = ["0c4b206227a8097f05c4dbdd323c50edf81f15db3b8dc064d08c62d37e1a504d", "194d092e6f246b906e8f70884e620e459fc54db3259e60cf69a4d66c3fda3449", "1be7e4c9f96948003609aa6c974ae59830a6baecc5376c25c92d7d697e684c08", "4677f594e474c91da97f489fea5b7daa17b5517190899cf213697e48d3902f5a", "48dab84ebd4831077b150572aec802f303117c8cc5c871e182447281ebf3ac50", "5541cada25cd173702dbd99f8e22434105456314462326f06dba3e180f203dfd", "59f79fef100b09564bc2df42ea2d8d21a64fdcda64979c0fa3db7bdaabaf6239", "8d859b89baf8ef7f8bc6b00aa20316483d67f0b1cbf422f5b4dc56701c8f2ffb", "9254f4358b9b541e3441b007a0ea0764b9d056afdeafc1a5569eee1cc6c1b9ea", "9651375199045a358eb6741df3e02a651e0330be090b3bc79f6d0de31a80ec3e", "97bb5884f6f1cdce0099f86b907aa41c970c3c672ac8b9c8352789e103cf3156", "9b15f3f4c0f35727d3a0fba4b770b3c4ebbb1fa907dbcc046a1d2799f3edd142", "a2238e9d1bb71a56cd710611a1614d1194dc10a175c1e08d75e1a7bcc250d442", "a6ae12d08c0bf9909ce12385803a543bfe99b95fe01e752536a60af2b7797c62", "ca0a928a3ddbc5725be2dd1cf895ec0a254798915fb3a36af0964a0a4149e3db", "cb2c7c57005a6804ab66f106ceb8482da55f5314b7fcb06551db1edae4ad1531", "d74bb8693bf9cf75ac3b47a54d716bbb1a92648d5f781fc799347cfc95952383", "d945239a5639b3ff35b70a88c5f2f491913eb94871780ebfabb2568bd58afc5a", "eba7011090323c1dadf18b3b689845fd96a61ba0a1dfbd7f24b921398affc357", "efa1909120ce98bbb3777e8b6f92237f5d5c8ea6758efea36a473e1d38f7d3e4", "f3900e8a5de27447acbf900b4750b0ddfd7ec1ea7fbaf11dfa911141bc522af0"]
lxml = ["06d4e0bbb1d62e38ae6118406d7cdb4693a3fa34ee3762238bcb96c9e36a93cd", "0701f7965903a1c3f6f09328c1278ac0eee8f56f244e66af79cb224b7ef3801c", "1f2c4ec372bf1c4a2c7e4bb20845e8bcf8050365189d86806bad1e3ae473d081", "4235bc124fdcf611d02047d7034164897ade13046bda967768836629bc62784f", "5828c7f3e615f3975d48f40d4fe66e8a7b25f16b5e5705ffe1d22e43fb1f6261", "585c0869f75577ac7a8ff38d08f7aac9033da2c41c11352ebf86a04652758b7a", "5d467ce9c5d35b3bcc7172c06320dddb275fea6ac2037f72f0a4d7472035cea9", "63dbc21efd7e822c11d5ddbedbbb08cd11a41e0032e382a0fd59b0b08e405a3a", "7bc1b221e7867f2e7ff1933165c0cec7153dce93d0cdba6554b42a8beb687bdb", "8620ce80f50d023d414183bf90cc2576c2837b88e00bea3f33ad2630133bbb60", "8a0ebda56ebca1a83eb2d1ac266649b80af8dd4b4a3502b2c1e09ac2f88fe128", "90ed0e36455a81b25b7034038e40880189169c308a3df360861ad74da7b68c1a", "95e67224815ef86924fbc2b71a9dbd1f7262384bca4bc4793645794ac4200717", "afdb34b715daf814d1abea0317b6d672476b498472f1e5aacbadc34ebbc26e89", "b4b2c63cc7963aedd08a5f5a454c9f67251b1ac9e22fd9d72836206c42dc2a72", "d068f55bda3c2c3fcaec24bd083d9e2eede32c583faf084d6e4b9daaea77dde8", "d5b3c4b7edd2e770375a01139be11307f04341ec709cf724e0f26ebb1eef12c3", "deadf4df349d1dcd7b2853a2c8796593cc346600726eff680ed8ed11812382a7", "df533af6f88080419c5a604d0d63b2c33b1c0c4409aba7d0cb6de305147ea8c8", "e4aa948eb15018a657702fee0b9db47e908491c64d36b4a90f59a64741516e77", "e5d842c73e4ef6ed8c1bd77806bf84a7cb535f9c0cf9b2c74d02ebda310070e1", "ebec08091a22c2be870890913bdadd86fcd8e9f0f22bcb398abd3af914690c15", "edc15fcfd77395e24543be48871c251f38132bb834d9fdfdad756adb6ea37679", "f2b74784ed7e0bc2d02bd53e48ad6ba523c9b36c194260b7a5045071abbb1012", "fa071559f14bd1e92077b1b5f6c22cf09756c6de7139370249eb372854ce51e6", "fd52e796fee7171c4361d441796b64df1acfceb51f29e545e812f16d023c4bbc", "fe976a0f1ef09b3638778024ab9fb8cde3118f203364212c198f71341c0715ca"]
markupsafe = ["00bc623926325b26bb9605ae9eae8a215691f33cae5df11ca5424f06f2d1f473", "09027a7803a62ca78792ad89403b1b7a73a01c8cb65909cd876f7fcebd79b161", "09c4b7f37d6c648cb13f9230d847adf22f8171b1ccc4d5682398e77f40309235", "1027c282dad077d0bae18be6794e6b6b8c91d58ed8a8d89a89d59693b9131db5", "24982cc2533820871eba85ba648cd53d8623687ff11cbb805be4ff7b4c971aff", "29872e92839765e546828bb7754a68c418d927cd064fd4708fab9fe9c8bb116b", "43a55c2930bbc139570ac2452adf3d70cdbb3cfe5912c71cdce1c2c6bbd9c5d1", "46c99d2de99945ec5cb54f23c8cd5689f6d7177305ebff350a58ce5f8de1669e", "500d4957e52ddc3351cabf489e79c91c17f6e0899158447047588650b5e69183", "535f6fc4d397c1563d08b88e485c3496cf5784e927af890fb3c3aac7f933ec66", "62fe6c95e3ec8a7fad637b7f3d372c15ec1caa01ab47926cfdf7a75b40e0eac1", "6dd73240d2af64df90aa7c4e7481e23825ea70af4b4922f8ede5b9e35f78a3b1", "717ba8fe3ae9cc0006d7c451f0bb265ee07739daf76355d06366154ee68d221e", "79855e1c5b8da654cf486b830bd42c06e8780cea587384cf6545b7d9ac013a0b", "7c1699dfe0cf8ff607dbdcc1e9b9af1755371f92a68f706051cc8c37d447c905", "88e5fcfb52ee7b911e8bb6d6aa2fd21fbecc674eadd44118a9cc3863f938e735", "8defac2f2ccd6805ebf65f5eeb132adcf2ab57aa11fdf4c0dd5169a004710e7d", "98c7086708b163d425c67c7a91bad6e466bb99d797aa64f965e9d25c12111a5e", "9add70b36c5666a2ed02b43b335fe19002ee5235efd4b8a89bfcf9005bebac0d", "9bf40443012702a1d2070043cb6291650a0841ece432556f784f004937f0f32c", "ade5e387d2ad0d7ebf59146cc00c8044acbd863725f887353a10df825fc8ae21", "b00c1de48212e4cc9603895652c5c410df699856a2853135b3967591e4beebc2", "b1282f8c00509d99fef04d8ba936b156d419be841854fe901d8ae224c59f0be5", "b2051432115498d3562c084a49bba65d97cf251f5a331c64a12ee7e04dacc51b", "ba59edeaa2fc6114428f1637ffff42da1e311e29382d81b339c1817d37ec93c6", "c8716a48d94b06bb3b2524c2b77e055fb313aeb4ea620c8dd03a105574ba704f", "cd5df75523866410809ca100dc9681e301e3c27567cf498077e8551b6d20e42f", "e249096428b3ae81b08327a63a485ad0878de3fb939049038579ac0ef61e17e7"]
mccabe = ["ab8a6258860da4b6677da4bd2fe5dc2c659cff31b3ee4f7f5d64e79735b80d42", "dd8d182285a0fe56bace7f45b5e7d1a6ebcbf524e8f3bd87eb0f125271b8831f"]
mock = ["2a572b715f09dd2f0a583d8aeb5bb67d7ed7a8fd31d193cf1227a99c16a67bc3", "5e48d216809f6f393987ed56920305d8f3c647e6ed35407c1ff2ecb88a9e1151"]
more-itertools = ["5dd8bcf33e5f9513ffa06d5ad33d78f31e1931ac9a18f33d37e77a180d393a7c", "b1ddb932186d8a6ac451e1d95844b382f55e12686d51ca0c68b6f61f2ab7a507"]
moto = ["2b3fa22778504b45715868cad95ad458fdea7227f9005b12e522fc9c2ae0cabc", "79aeaeed1592a24d3c488840065a3fcb3f4fa7ba40259e112482454c0e48a03a"]
packaging = ["170748228214b70b672c581a3dd610ee51f733018650740e98c7df862a583f73", "e665345f9eef0c621aa0bf2f8d78cf6d21904eef16a93f020240b704a57f1334"]
pluggy = ["15b2acde666561e1298d71b523007ed7364de07029219b604cf808bfa1c765b0", "966c145cd83c96502c3c3868f50408687b38434af77734af1e9ca461a4081d2d"]
py = ["5e27081401262157467ad6e7f851b7aa402c5852dbcb3dae06768434de5752aa", "c20fdd83a5dbc0af9efd622bee9a5564e278f6380fffcacc43ba6f43db2813b0"]
pyasn1 = ["014c0e9976956a08139dc0712ae195324a75e142284d5f87f1a87ee1b068a359", "03840c999ba71680a131cfaee6fab142e1ed9bbd9c693e285cc6aca0d555e576", "0458773cfe65b153891ac249bcf1b5f8f320b7c2ce462151f8fa74de8934becf", "08c3c53b75eaa48d71cf8c710312316392ed40899cb34710d092e96745a358b7", "39c7e2ec30515947ff4e87fb6f456dfc6e84857d34be479c9d4a4ba4bf46aa5d", "5c9414dcfede6e441f7e8f81b43b34e834731003427e5b09e4e00e3172a10f00", "6e7545f1a61025a4e58bb336952c5061697da694db1cae97b116e9c46abcf7c8", "78fa6da68ed2727915c4767bb386ab32cdba863caa7dbe473eaae45f9959da86", "7ab8a544af125fb704feadb008c99a88805126fb525280b2270bb25cc1d78a12", "99fcc3c8d804d1bc6d9a099921e39d827026409a58f2a720dcdb89374ea0c776", "aef77c9fb94a3ac588e87841208bdec464471d9871bd5050a287cc9a475cd0ba", "e89bf84b5437b532b0803ba5c9a5e054d21fec423a89952a74f87fa2c9b7bce2", "fec3e9d8e36808a28efb59b489e4528c10ad0f480e57dcc32b4de5c9d8c9fdf3"]
pycparser = ["2d475327684562c3a96cc71adf7dc8c4f0565175cf86b6d7a404ff4c771f15f0", "7582ad22678f0fcd81102833f60ef8d0e57288b6b5fb00323d101be910e35705"]
pylint = ["3db5468ad013380e987410a8d6956226963aed94ecb5f9d3a28acca6d9ac36cd", "886e6afc935ea2590b462664b161ca9a5e40168ea99e5300935f6591ad467df4"]
pyparsing = ["4c830582a84fb022400b85429791bc551f1f4871c33f23e44f353119e92f969f", "c342dccb5250c08d45fd6f8b4a559613ca603b57498511740e65cd11a2e7dcec"]
pypiwin32 = ["67adf399debc1d5d14dffc1ab5acacb800da569754fafdc576b2a039485aa775", "71be40c1fbd28594214ecaecb58e7aa8b708eabfa0125c8a109ebd51edbd776a"]
pyrsistent = ["cdc7b5e3ed77bed61270a47d35434a30617b9becdf2478af76ad2c6ade307280"]
pytest = ["0d5fe9189a148acc3c3eb2ac8e1ac0742cb7618c084f3d228baaec0c254b318d", "ff615c761e25eb25df19edddc0b970302d2a9091fbce0e7213298d85fb61fef6"]
python-dateutil = ["73ebfe9dbf22e832286dafa60473e4cd239f8592f699aa5adaf10050e6e1823c", "75bb3f31ea686f1197762692a9ee6a7550b59fc6ca3a1f4b5d7e32fb98e2da2a"]
python-decouple = ["55c546b85b0c47a15a47a4312d451a437f7344a9be3e001660bccd93b637de95"]
python-jose = ["1ac4caf4bfebd5a70cf5bd82702ed850db69b0b6e1d0ae7368e5f99ac01c9571", "8484b7fdb6962e9d242cce7680469ecf92bda95d10bbcbbeb560cacdff3abfce"]
python-slugify = ["a8fc3433821140e8f409a9831d13ae5deccd0b033d4744d94b31fea141bdd84c"]
pytz = ["1c557d7d0e871de1f5ccd5833f60fb2550652da6be2693c1e02300743d21500d", "b02c06db6cf09c12dd25137e563b31700d3b80fcc4ad23abb7a315f2789819be"]
pywin32 = ["300a2db938e98c3e7e2093e4491439e62287d0d493fe07cce110db070b54c0be", "31f88a89139cb2adc40f8f0e65ee56a8c585f629974f9e07622ba80199057511", "371fcc39416d736401f0274dd64c2302728c9e034808e37381b5e1b22be4a6b0", "47a3c7551376a865dd8d095a98deba954a98f326c6fe3c72d8726ca6e6b15507", "4cdad3e84191194ea6d0dd1b1b9bdda574ff563177d2adf2b4efec2a244fa116", "7c1ae32c489dc012930787f06244426f8356e129184a02c25aef163917ce158e", "7f18199fbf29ca99dff10e1f09451582ae9e372a892ff03a28528a24d55875bc", "9b31e009564fb95db160f154e2aa195ed66bcc4c058ed72850d047141b36f3a2", "a929a4af626e530383a579431b70e512e736e9588106715215bf685a3ea508d4", "c054c52ba46e7eb6b7d7dfae4dbd987a1bb48ee86debe3f245a2884ece46e295", "f27cec5e7f588c3d1051651830ecc00294f90728d19c3bf6916e6dba93ea357c", "f4c5be1a293bae0076d93c88f37ee8da68136744588bc5e2be2f299a34ceb7aa"]
pyyaml = ["059b2ee3194d718896c0ad077dd8c043e5e909d9180f387ce42012662a4946d6", "1cf708e2ac57f3aabc87405f04b86354f66799c8e62c28c5fc5f88b5521b2dbf", "24521fa2890642614558b492b473bee0ac1f8057a7263156b02e8b14c88ce6f5", "4fee71aa5bc6ed9d5f116327c04273e25ae31a3020386916905767ec4fc5317e", "70024e02197337533eef7b85b068212420f950319cc8c580261963aefc75f811", "74782fbd4d4f87ff04159e986886931456a1894c61229be9eaf4de6f6e44b99e", "940532b111b1952befd7db542c370887a8611660d2b9becff75d39355303d82d", "cb1f2f5e426dc9f07a7681419fe39cee823bb74f723f36f70399123f439e9b20", "dbbb2379c19ed6042e8f11f2a2c66d39cceb8aeace421bfc29d085d93eda3689", "e3a057b7a64f1222b56e47bcff5e4b94c4f61faac04c7c4ecb1985e18caa3994", "e9f45bd5b92c7974e59bcd2dcc8631a6b6cc380a904725fce7bc08872e691615"]
requests = ["43999036bfa82904b6af1d99e4882b560e5e2c68e5c4b0aa03b655f3d7d73fee", "b3f43d496c6daba4493e7c431722aeb7dbc6288f52a6e04e7b6023b0247817e6"]
responses = ["0474ce3c897fbcc1aef286117c93499882d5c440f06a805947e4b1cb5ab3d474", "f83613479a021e233e82d52ffb3e2e0e2836d24b0cc88a0fa31978789f78d0e5"]
rope = ["52423a7eebb5306a6d63bdc91a7c657db51ac9babfb8341c9a1440831ecf3203", "ae1fa2fd56f64f4cc9be46493ce54bed0dd12dee03980c61a4393d89d84029ad", "d2830142c2e046f5fc26a022fe680675b6f48f81c7fc1f03a950706e746e9dfe"]
rsa = ["14ba45700ff1ec9eeb206a2ce76b32814958a98e372006c8fb76ba820211be66", "1a836406405730121ae9823e19c6e806c62bbad73f890574fff50efa4122c487"]
s3transfer = ["2482b4259524933a022d59da830f51bd746db62f047d6eb213f2f8855dcb8a13", "921a37e2aefc64145e7b73d50c71bb4f26f46e4c9f414dc648c6245ff92cf7db"]
six = ["236bdbdce46e6e6a3d61a337c0f8b763ca1e8717c03b369e87a7ec7ce1319c0a", "8f3cd2e254d8f793e7f3d6d9df77b92252b52637291d0f0da013c76ea2724b6c"]
soupsieve = ["e914534802d7ffd233242b785229d5ba0766a7f487385e3f714446a07bf540ae", "fcd71e08c0aee99aca1b73f45478549ee7e7fc006d51b37bec9e9def7dc22b69"]
sshpubkeys = ["9f73d51c2ef1e68cd7bde0825df29b3c6ec89f4ce24ebca3bf9eaa4a23a284db", "b388399caeeccdc145f06fd0d2665eeecc545385c60b55c282a15a022215af80"]
text-unidecode = ["1311f10e8b895935241623731c2ba64f4c455287888b18189350b67134a822e8", "bad6603bb14d279193107714b288be206cac565dfa49aa5b105294dd5c4aab93"]
toml = ["229f81c57791a41d65e399fc06bf0848bab550a9dfd5ed66df18ce5f05e73d5c", "235682dd292d5899d361a811df37e04a8828a5b1da3115886b73cf81ebc9100e", "f1db651f9657708513243e61e6cc67d101a39bad662eaa9b5546f789338e07a3"]
tqdm = ["0d8b5afb66e23d80433102e9bd8b5c8b65d34c2a2255b2de58d97bd2ea8170fd", "f35fb121bafa030bd94e74fcfd44f3c2830039a2ddef7fc87ef1c2d205237b24"]
typed-ast = ["0666aa36131496aed8f7be0410ff974562ab7eeac11ef351def9ea6fa28f6355", "0c2c07682d61a629b68433afb159376e24e5b2fd4641d35424e462169c0a7919", "249862707802d40f7f29f6e1aad8d84b5aa9e44552d2cc17384b209f091276aa", "24995c843eb0ad11a4527b026b4dde3da70e1f2d8806c99b7b4a7cf491612652", "269151951236b0f9a6f04015a9004084a5ab0d5f19b57de779f908621e7d8b75", "4083861b0aa07990b619bd7ddc365eb7fa4b817e99cf5f8d9cf21a42780f6e01", "498b0f36cc7054c1fead3d7fc59d2150f4d5c6c56ba7fb150c013fbc683a8d2d", "4e3e5da80ccbebfff202a67bf900d081906c358ccc3d5e3c8aea42fdfdfd51c1", "6daac9731f172c2a22ade6ed0c00197ee7cc1221aa84cfdf9c31defeb059a907", "715ff2f2df46121071622063fc7543d9b1fd19ebfc4f5c8895af64a77a8c852c", "73d785a950fc82dd2a25897d525d003f6378d1cb23ab305578394694202a58c3", "8c8aaad94455178e3187ab22c8b01a3837f8ee50e09cf31f1ba129eb293ec30b", "8ce678dbaf790dbdb3eba24056d5364fb45944f33553dd5869b7580cdbb83614", "aaee9905aee35ba5905cfb3c62f3e83b3bec7b39413f0a7f19be4e547ea01ebb", "bcd3b13b56ea479b3650b82cabd6b5343a625b0ced5429e4ccad28a8973f301b", "c9e348e02e4d2b4a8b2eedb48210430658df6951fa484e59de33ff773fbd4b41", "d205b1b46085271b4e15f670058ce182bd1199e56b317bf2ec004b6a44f911f6", "d43943ef777f9a1c42bf4e552ba23ac77a6351de620aa9acf64ad54933ad4d34", "d5d33e9e7af3b34a40dc05f498939f0ebf187f07c385fd58d591c533ad8562fe", "fc0fea399acb12edbf8a628ba8d2312f583bdbdb3335635db062fa98cf71fca4", "fe460b922ec15dd205595c9b5b99e2f056fd98ae8f9f56b888e7a17dc2b757e7"]
urllib3 = ["2393a695cd12afedd0dcb26fe5d50d0cf248e5a66f75dbd89a3d4eb333a61af4", "a637e5fae88995b256e3409dc4d52c2e2e0ba32c42a6365fee8bbd2238de3cfb"]
wcwidth = ["8fd29383f539be45b20bd4df0dc29c20ba48654a41e661925e612311e9f3c603", "f28b3e8a6483e5d49e7f8949ac1a78314e740333ae305b4ba5defd3e74fb37a8"]
websocket-client = ["0fc45c961324d79c781bab301359d5a1b00b13ad1b10415a4780229ef71a5549", "d735b91d6d1692a6a181f2a8c9e0238e5f6373356f561bb9dc4c7af36f452010"]
werkzeug = ["169ba8a33788476292d04186ab33b01d6add475033dfc07215e6d219cc077096", "6dc65cf9091cf750012f56f2cad759fa9e879f511b5ff8685e456b4e3bf90d16"]
wrapt = ["565a021fd19419476b9362b05eeaa094178de64f8361e44468f9e9d7843901e1"]
xmltodict = ["50d8c638ed7ecb88d90561beedbf720c9b4e851a9fa6c47ebd64e99d166d8a21", "8bbcb45cc982f48b2ca8fe7e7827c5d792f217ecf1792626f808bf41c3b86051"]
zipp = ["aa36550ff0c0b7ef7fa639055d797116ee891440eac1a56f378e2d3179e0320b", "c599e4d75c98f6798c509911d08a22e6c021d074469042177c8c86fb92eefd96"]
